
Microsoft Visual Studio Solution File, Format Version 12.00
# Visual Studio Version 17
VisualStudioVersion = 17.12.35527.113
MinimumVisualStudioVersion = 10.0.40219.1
Project("{FAE04EC0-301F-11D3-BF4B-00C04F79EFBC}") = "NoTemplate.App", "src\NoTemplate.App\NoTemplate.App.csproj", "{15B12165-30EB-431B-826D-8C98D60DA929}"
EndProject
Global
	GlobalSection(SolutionConfigurationPlatforms) = preSolution
		Debug|Any CPU = Debug|Any CPU
		Release|Any CPU = Release|Any CPU
	EndGlobalSection
	GlobalSection(ProjectConfigurationPlatforms) = postSolution
		{15B12165-30EB-431B-826D-8C98D60DA929}.Debug|Any CPU.ActiveCfg = Debug|Any CPU
		{15B12165-30EB-431B-826D-8C98D60DA929}.Debug|Any CPU.Build.0 = Debug|Any CPU
		{15B12165-30EB-431B-826D-8C98D60DA929}.Release|Any CPU.ActiveCfg = Release|Any CPU
		{15B12165-30EB-431B-826D-8C98D60DA929}.Release|Any CPU.Build.0 = Release|Any CPU
	EndGlobalSection
	GlobalSection(SolutionProperties) = preSolution
		HideSolutionNode = FALSE
	EndGlobalSection
EndGlobal
